
Microsoft Visual Studio Solution File, Format Version 12.00
# Visual Studio Version 16
VisualStudioVersion = 16.0.31729.503
MinimumVisualStudioVersion = 10.0.40219.1
Project("{FAE04EC0-301F-11D3-BF4B-00C04F79EFBC}") = "Tree_Tamrin_0", "Tree_Tamrin_0\Tree_Tamrin_0.csproj", "{73439A94-A949-42E5-B496-E2CB15ADF2C7}"
EndProject
Global
	GlobalSection(SolutionConfigurationPlatforms) = preSolution
		Debug|Any CPU = Debug|Any CPU
		Release|Any CPU = Release|Any CPU
	EndGlobalSection
	GlobalSection(ProjectConfigurationPlatforms) = postSolution
		{73439A94-A949-42E5-B496-E2CB15ADF2C7}.Debug|Any CPU.ActiveCfg = Debug|Any CPU
		{73439A94-A949-42E5-B496-E2CB15ADF2C7}.Debug|Any CPU.Build.0 = Debug|Any CPU
		{73439A94-A949-42E5-B496-E2CB15ADF2C7}.Release|Any CPU.ActiveCfg = Release|Any CPU
		{73439A94-A949-42E5-B496-E2CB15ADF2C7}.Release|Any CPU.Build.0 = Release|Any CPU
	EndGlobalSection
	GlobalSection(SolutionProperties) = preSolution
		HideSolutionNode = FALSE
	EndGlobalSection
	GlobalSection(ExtensibilityGlobals) = postSolution
		SolutionGuid = {DA0CDBFE-6FAF-476F-A06B-1B8DA50716F6}
	EndGlobalSection
EndGlobal
